
Microsoft Visual Studio Solution File, Format Version 12.00
# Visual Studio Version 17
VisualStudioVersion = 17.0.31903.59
MinimumVisualStudioVersion = 10.0.40219.1
Project("{9A19103F-16F7-4668-BE54-9A1E7A4F7556}") = "WGestures.App", "WGestures.App\WGestures.App.csproj", "{A575D72F-3D76-46B0-933C-66C9D9CEC1CB}"
EndProject
Project("{9A19103F-16F7-4668-BE54-9A1E7A4F7556}") = "WGestures.Common", "WGestures.Common\WGestures.Common.csproj", "{BB6528EB-C4EA-49B5-AC7F-A0645126F1A8}"
EndProject
Project("{9A19103F-16F7-4668-BE54-9A1E7A4F7556}") = "WGestures.Core", "WGestures.Core\WGestures.Core.csproj", "{F26BE916-F318-47B5-87EB-1D67B7F30FDC}"
EndProject
Project("{9A19103F-16F7-4668-BE54-9A1E7A4F7556}") = "WGestures.View", "WGestures.View\WGestures.View.csproj", "{62FB7A5C-E917-4405-942C-677A265685D6}"
EndProject
Project("{9A19103F-16F7-4668-BE54-9A1E7A4F7556}") = "NativeMultiFileArchiveLib", "NativeMultiFileArchiveLib\NativeMultiFileArchiveLib.csproj", "{457BBCAF-3F8C-4F65-B34E-547F57A0D877}"
EndProject
Project("{9A19103F-16F7-4668-BE54-9A1E7A4F7556}") = "WindowsInput", "WindowsInput\WindowsInput.csproj", "{3549CD6F-80F8-450F-B99E-CF0A736B1F2A}"
EndProject
Project("{2150E333-8FDC-42A3-9474-1A3956D46DE8}") = "Solution Items", "Solution Items", "{CF776B5D-1088-47F3-BD2D-1274CC5941AA}"
	ProjectSection(SolutionItems) = preProject
		.editorconfig = .editorconfig
	EndProjectSection
EndProject
Global
	GlobalSection(SolutionConfigurationPlatforms) = preSolution
		Debug|Any CPU = Debug|Any CPU
		Debug|Mixed Platforms = Debug|Mixed Platforms
		Debug|x86 = Debug|x86
		Release|Any CPU = Release|Any CPU
		Release|Mixed Platforms = Release|Mixed Platforms
		Release|x86 = Release|x86
	EndGlobalSection
	GlobalSection(ProjectConfigurationPlatforms) = postSolution
		{A575D72F-3D76-46B0-933C-66C9D9CEC1CB}.Debug|Any CPU.ActiveCfg = Debug|Any CPU
		{A575D72F-3D76-46B0-933C-66C9D9CEC1CB}.Debug|Any CPU.Build.0 = Debug|Any CPU
		{A575D72F-3D76-46B0-933C-66C9D9CEC1CB}.Debug|Mixed Platforms.ActiveCfg = Debug|Any CPU
		{A575D72F-3D76-46B0-933C-66C9D9CEC1CB}.Debug|Mixed Platforms.Build.0 = Debug|Any CPU
		{A575D72F-3D76-46B0-933C-66C9D9CEC1CB}.Debug|x86.ActiveCfg = Debug|Any CPU
		{A575D72F-3D76-46B0-933C-66C9D9CEC1CB}.Release|Any CPU.ActiveCfg = Release|Any CPU
		{A575D72F-3D76-46B0-933C-66C9D9CEC1CB}.Release|Any CPU.Build.0 = Release|Any CPU
		{A575D72F-3D76-46B0-933C-66C9D9CEC1CB}.Release|Mixed Platforms.ActiveCfg = Release|Any CPU
		{A575D72F-3D76-46B0-933C-66C9D9CEC1CB}.Release|Mixed Platforms.Build.0 = Release|Any CPU
		{A575D72F-3D76-46B0-933C-66C9D9CEC1CB}.Release|x86.ActiveCfg = Release|Any CPU
		{BB6528EB-C4EA-49B5-AC7F-A0645126F1A8}.Debug|Any CPU.ActiveCfg = Debug|Any CPU
		{BB6528EB-C4EA-49B5-AC7F-A0645126F1A8}.Debug|Any CPU.Build.0 = Debug|Any CPU
		{BB6528EB-C4EA-49B5-AC7F-A0645126F1A8}.Debug|Mixed Platforms.ActiveCfg = Debug|Any CPU
		{BB6528EB-C4EA-49B5-AC7F-A0645126F1A8}.Debug|Mixed Platforms.Build.0 = Debug|Any CPU
		{BB6528EB-C4EA-49B5-AC7F-A0645126F1A8}.Debug|x86.ActiveCfg = Debug|Any CPU
		{BB6528EB-C4EA-49B5-AC7F-A0645126F1A8}.Release|Any CPU.ActiveCfg = Release|Any CPU
		{BB6528EB-C4EA-49B5-AC7F-A0645126F1A8}.Release|Any CPU.Build.0 = Release|Any CPU
		{BB6528EB-C4EA-49B5-AC7F-A0645126F1A8}.Release|Mixed Platforms.ActiveCfg = Release|Any CPU
		{BB6528EB-C4EA-49B5-AC7F-A0645126F1A8}.Release|Mixed Platforms.Build.0 = Release|Any CPU
		{BB6528EB-C4EA-49B5-AC7F-A0645126F1A8}.Release|x86.ActiveCfg = Release|Any CPU
		{F26BE916-F318-47B5-87EB-1D67B7F30FDC}.Debug|Any CPU.ActiveCfg = Debug|Any CPU
		{F26BE916-F318-47B5-87EB-1D67B7F30FDC}.Debug|Any CPU.Build.0 = Debug|Any CPU
		{F26BE916-F318-47B5-87EB-1D67B7F30FDC}.Debug|Mixed Platforms.ActiveCfg = Debug|Any CPU
		{F26BE916-F318-47B5-87EB-1D67B7F30FDC}.Debug|Mixed Platforms.Build.0 = Debug|Any CPU
		{F26BE916-F318-47B5-87EB-1D67B7F30FDC}.Debug|x86.ActiveCfg = Debug|Any CPU
		{F26BE916-F318-47B5-87EB-1D67B7F30FDC}.Release|Any CPU.ActiveCfg = Release|Any CPU
		{F26BE916-F318-47B5-87EB-1D67B7F30FDC}.Release|Any CPU.Build.0 = Release|Any CPU
		{F26BE916-F318-47B5-87EB-1D67B7F30FDC}.Release|Mixed Platforms.ActiveCfg = Release|Any CPU
		{F26BE916-F318-47B5-87EB-1D67B7F30FDC}.Release|Mixed Platforms.Build.0 = Release|Any CPU
		{F26BE916-F318-47B5-87EB-1D67B7F30FDC}.Release|x86.ActiveCfg = Release|Any CPU
		{62FB7A5C-E917-4405-942C-677A265685D6}.Debug|Any CPU.ActiveCfg = Debug|Any CPU
		{62FB7A5C-E917-4405-942C-677A265685D6}.Debug|Any CPU.Build.0 = Debug|Any CPU
		{62FB7A5C-E917-4405-942C-677A265685D6}.Debug|Mixed Platforms.ActiveCfg = Debug|Any CPU
		{62FB7A5C-E917-4405-942C-677A265685D6}.Debug|Mixed Platforms.Build.0 = Debug|Any CPU
		{62FB7A5C-E917-4405-942C-677A265685D6}.Debug|x86.ActiveCfg = Debug|Any CPU
		{62FB7A5C-E917-4405-942C-677A265685D6}.Release|Any CPU.ActiveCfg = Release|Any CPU
		{62FB7A5C-E917-4405-942C-677A265685D6}.Release|Any CPU.Build.0 = Release|Any CPU
		{62FB7A5C-E917-4405-942C-677A265685D6}.Release|Mixed Platforms.ActiveCfg = Release|Any CPU
		{62FB7A5C-E917-4405-942C-677A265685D6}.Release|Mixed Platforms.Build.0 = Release|Any CPU
		{62FB7A5C-E917-4405-942C-677A265685D6}.Release|x86.ActiveCfg = Release|Any CPU
		{457BBCAF-3F8C-4F65-B34E-547F57A0D877}.Debug|Any CPU.ActiveCfg = Debug|Any CPU
		{457BBCAF-3F8C-4F65-B34E-547F57A0D877}.Debug|Any CPU.Build.0 = Debug|Any CPU
		{457BBCAF-3F8C-4F65-B34E-547F57A0D877}.Debug|Mixed Platforms.ActiveCfg = Debug|Any CPU
		{457BBCAF-3F8C-4F65-B34E-547F57A0D877}.Debug|Mixed Platforms.Build.0 = Debug|Any CPU
		{457BBCAF-3F8C-4F65-B34E-547F57A0D877}.Debug|x86.ActiveCfg = Debug|Any CPU
		{457BBCAF-3F8C-4F65-B34E-547F57A0D877}.Release|Any CPU.ActiveCfg = Release|Any CPU
		{457BBCAF-3F8C-4F65-B34E-547F57A0D877}.Release|Any CPU.Build.0 = Release|Any CPU
		{457BBCAF-3F8C-4F65-B34E-547F57A0D877}.Release|Mixed Platforms.ActiveCfg = Release|Any CPU
		{457BBCAF-3F8C-4F65-B34E-547F57A0D877}.Release|Mixed Platforms.Build.0 = Release|Any CPU
		{457BBCAF-3F8C-4F65-B34E-547F57A0D877}.Release|x86.ActiveCfg = Release|Any CPU
		{3549CD6F-80F8-450F-B99E-CF0A736B1F2A}.Debug|Any CPU.ActiveCfg = Debug|Any CPU
		{3549CD6F-80F8-450F-B99E-CF0A736B1F2A}.Debug|Any CPU.Build.0 = Debug|Any CPU
		{3549CD6F-80F8-450F-B99E-CF0A736B1F2A}.Debug|Mixed Platforms.ActiveCfg = Debug|Any CPU
		{3549CD6F-80F8-450F-B99E-CF0A736B1F2A}.Debug|Mixed Platforms.Build.0 = Debug|Any CPU
		{3549CD6F-80F8-450F-B99E-CF0A736B1F2A}.Debug|x86.ActiveCfg = Debug|Any CPU
		{3549CD6F-80F8-450F-B99E-CF0A736B1F2A}.Release|Any CPU.ActiveCfg = Release|Any CPU
		{3549CD6F-80F8-450F-B99E-CF0A736B1F2A}.Release|Any CPU.Build.0 = Release|Any CPU
		{3549CD6F-80F8-450F-B99E-CF0A736B1F2A}.Release|Mixed Platforms.ActiveCfg = Release|Any CPU
		{3549CD6F-80F8-450F-B99E-CF0A736B1F2A}.Release|Mixed Platforms.Build.0 = Release|Any CPU
		{3549CD6F-80F8-450F-B99E-CF0A736B1F2A}.Release|x86.ActiveCfg = Release|Any CPU
	EndGlobalSection
	GlobalSection(SolutionProperties) = preSolution
		HideSolutionNode = FALSE
	EndGlobalSection
	GlobalSection(ExtensibilityGlobals) = postSolution
		SolutionGuid = {106CEF3A-C936-4AE5-9C90-AD3FE62D3787}
	EndGlobalSection
EndGlobal
